<?xml version="1.0" encoding="utf-8"?>
<Project ToolsVersion="4.0" xmlns="http://schemas.microsoft.com/developer/msbuild/2003">
  <ItemGroup>
    <Filter Include="Source Files">
      <UniqueIdentifier>{4FC737F1-C7A5-4376-A066-2A32D752A2FF}</UniqueIdentifier>
      <Extensions>cpp;c;cc;cxx;def;odl;idl;hpj;bat;asm;asmx</Extensions>
    </Filter>
    <Filter Include="Header Files">
      <UniqueIdentifier>{93995380-89BD-4b04-88EB-625FBE52EBFB}</UniqueIdentifier>
      <Extensions>h;hh;hpp;hxx;hm;inl;inc;xsd</Extensions>
    </Filter>
    <Filter Include="Resource Files">
      <UniqueIdentifier>{67DA6AB6-F800-4c08-8B7A-83BB121AAD01}</UniqueIdentifier>
      <Extensions>rc;ico;cur;bmp;dlg;rc2;rct;bin;rgs;gif;jpg;jpeg;jpe;resx;tiff;tif;png;wav;mfcribbon-ms</Extensions>
    </Filter>
    <Filter Include="Source Files\text">
      <UniqueIdentifier>{211cfb92-43bc-478d-8fd8-a13125e36dbf}</UniqueIdentifier>
    </Filter>
    <Filter Include="Header Files\text">
      <UniqueIdentifier>{7374f7e1-57e2-4b49-b660-b3444e9efa84}</UniqueIdentifier>
    </Filter>
    <Filter Include="Header Files\glbinding">
      <UniqueIdentifier>{55268057-1332-4a97-8227-4fdb29b680ec}</UniqueIdentifier>
    </Filter>
    <Filter Include="Header Files\math">
      <UniqueIdentifier>{16f6e312-1077-499f-9e2f-bb1bf4653e59}</UniqueIdentifier>
    </Filter>
    <Filter Include="Source Files\math">
      <UniqueIdentifier>{a8e83de3-5904-486d-ace2-87fe4e6cbfbc}</UniqueIdentifier>
    </Filter>
    <Filter Include="Source Files\glbinding">
      <UniqueIdentifier>{2c1f68fb-0ec0-4de1-8676-0068a94a7c08}</UniqueIdentifier>
    </Filter>
  </ItemGroup>
  <ItemGroup>
    <ClInclude Include="..\include\glplatform.h">
      <Filter>Header Files</Filter>
    </ClInclude>
    <ClInclude Include="..\include\text\gltext.h">
      <Filter>Header Files\text</Filter>
    </ClInclude>
    <ClInclude Include="..\include\glbindings\glplatform-wgl.h">
      <Filter>Header Files\glbinding</Filter>
    </ClInclude>
    <ClInclude Include="..\include\math\math3d.h">
      <Filter>Header Files\math</Filter>
    </ClInclude>
    <ClInclude Include="..\include\glbindings\glplatform-glcore.h">
      <Filter>Header Files\glbinding</Filter>
    </ClInclude>
  </ItemGroup>
  <ItemGroup>
    <ClCompile Include="..\src\glplatform-win32.c">
      <Filter>Source Files</Filter>
    </ClCompile>
    <ClCompile Include="..\src\glbindings\glplatform-glcore.c">
      <Filter>Source Files\glbinding</Filter>
    </ClCompile>
    <ClCompile Include="..\src\glbindings\glplatform-wgl.c">
      <Filter>Source Files\glbinding</Filter>
    </ClCompile>
    <ClCompile Include="..\src\math\math3d.c">
      <Filter>Source Files\math</Filter>
    </ClCompile>
  </ItemGroup>
</Project>